
Microsoft Visual Studio Solution File, Format Version 12.00
# Visual Studio Version 16
VisualStudioVersion = 16.0.30907.101
MinimumVisualStudioVersion = 10.0.40219.1
Project("{9A19103F-16F7-4668-BE54-9A1E7A4F7556}") = "IndukRSP", "IndukRSP\IndukRSP.csproj", "{783F8F35-5A77-48E9-AD56-8B76998C45CA}"
EndProject
Project("{FAE04EC0-301F-11D3-BF4B-00C04F79EFBC}") = "NUnitTest_IndukRSP", "NUnitTest_IndukRSP\NUnitTest_IndukRSP.csproj", "{BE6B6AA0-404C-4BA2-909C-5F2A88BEA272}"
EndProject
Global
	GlobalSection(SolutionConfigurationPlatforms) = preSolution
		Debug|Any CPU = Debug|Any CPU
		Release|Any CPU = Release|Any CPU
	EndGlobalSection
	GlobalSection(ProjectConfigurationPlatforms) = postSolution
		{783F8F35-5A77-48E9-AD56-8B76998C45CA}.Debug|Any CPU.ActiveCfg = Debug|Any CPU
		{783F8F35-5A77-48E9-AD56-8B76998C45CA}.Debug|Any CPU.Build.0 = Debug|Any CPU
		{783F8F35-5A77-48E9-AD56-8B76998C45CA}.Release|Any CPU.ActiveCfg = Release|Any CPU
		{783F8F35-5A77-48E9-AD56-8B76998C45CA}.Release|Any CPU.Build.0 = Release|Any CPU
		{BE6B6AA0-404C-4BA2-909C-5F2A88BEA272}.Debug|Any CPU.ActiveCfg = Debug|Any CPU
		{BE6B6AA0-404C-4BA2-909C-5F2A88BEA272}.Debug|Any CPU.Build.0 = Debug|Any CPU
		{BE6B6AA0-404C-4BA2-909C-5F2A88BEA272}.Release|Any CPU.ActiveCfg = Release|Any CPU
		{BE6B6AA0-404C-4BA2-909C-5F2A88BEA272}.Release|Any CPU.Build.0 = Release|Any CPU
	EndGlobalSection
	GlobalSection(SolutionProperties) = preSolution
		HideSolutionNode = FALSE
	EndGlobalSection
	GlobalSection(ExtensibilityGlobals) = postSolution
		SolutionGuid = {5951CAA1-472A-4C94-8761-9C28B9110EB4}
	EndGlobalSection
EndGlobal
